
Microsoft Visual Studio Solution File, Format Version 12.00
# Visual Studio Version 17
VisualStudioVersion = 17.0.31903.59
MinimumVisualStudioVersion = 10.0.40219.1
Project("{2150E333-8FDC-42A3-9474-1A3956D46DE8}") = "src", "src", "{827E0CD3-B72D-47B6-A68D-7590B98EB39B}"
EndProject
Project("{FAE04EC0-301F-11D3-BF4B-00C04F79EFBC}") = "FullBenchmark.Contracts", "src\FullBenchmark.Contracts\FullBenchmark.Contracts.csproj", "{00B0030B-78F2-4A48-9C04-A315BE6919FF}"
EndProject
Project("{FAE04EC0-301F-11D3-BF4B-00C04F79EFBC}") = "FullBenchmark.Core", "src\FullBenchmark.Core\FullBenchmark.Core.csproj", "{24E49FB8-3221-4A0E-9CE1-FF398AE764A3}"
EndProject
Project("{FAE04EC0-301F-11D3-BF4B-00C04F79EFBC}") = "FullBenchmark.Infrastructure", "src\FullBenchmark.Infrastructure\FullBenchmark.Infrastructure.csproj", "{D09F7356-C319-4190-86C5-66C656A28B24}"
EndProject
Project("{FAE04EC0-301F-11D3-BF4B-00C04F79EFBC}") = "FullBenchmark.Telemetry.Windows", "src\FullBenchmark.Telemetry.Windows\FullBenchmark.Telemetry.Windows.csproj", "{7D88CD8F-94D0-4B03-9392-E6D1A788467C}"
EndProject
Project("{FAE04EC0-301F-11D3-BF4B-00C04F79EFBC}") = "FullBenchmark.Benchmarks", "src\FullBenchmark.Benchmarks\FullBenchmark.Benchmarks.csproj", "{DE39FF1E-7C42-4DAB-8D45-4F3F1C29D02A}"
EndProject
Project("{FAE04EC0-301F-11D3-BF4B-00C04F79EFBC}") = "FullBenchmark.Scoring", "src\FullBenchmark.Scoring\FullBenchmark.Scoring.csproj", "{A984EC08-A5D6-43EF-B4B9-2A0937C62242}"
EndProject
Project("{FAE04EC0-301F-11D3-BF4B-00C04F79EFBC}") = "FullBenchmark.Application", "src\FullBenchmark.Application\FullBenchmark.Application.csproj", "{711123A1-51BE-436C-B3B6-9EE09D58E186}"
EndProject
Project("{FAE04EC0-301F-11D3-BF4B-00C04F79EFBC}") = "FullBenchmark.UI", "src\FullBenchmark.UI\FullBenchmark.UI.csproj", "{615F548A-3CB2-4159-BD76-18E60C860143}"
EndProject
Global
	GlobalSection(SolutionConfigurationPlatforms) = preSolution
		Debug|Any CPU = Debug|Any CPU
		Debug|x64 = Debug|x64
		Debug|x86 = Debug|x86
		Release|Any CPU = Release|Any CPU
		Release|x64 = Release|x64
		Release|x86 = Release|x86
	EndGlobalSection
	GlobalSection(ProjectConfigurationPlatforms) = postSolution
		{00B0030B-78F2-4A48-9C04-A315BE6919FF}.Debug|Any CPU.ActiveCfg = Debug|Any CPU
		{00B0030B-78F2-4A48-9C04-A315BE6919FF}.Debug|Any CPU.Build.0 = Debug|Any CPU
		{00B0030B-78F2-4A48-9C04-A315BE6919FF}.Debug|x64.ActiveCfg = Debug|Any CPU
		{00B0030B-78F2-4A48-9C04-A315BE6919FF}.Debug|x64.Build.0 = Debug|Any CPU
		{00B0030B-78F2-4A48-9C04-A315BE6919FF}.Debug|x86.ActiveCfg = Debug|Any CPU
		{00B0030B-78F2-4A48-9C04-A315BE6919FF}.Debug|x86.Build.0 = Debug|Any CPU
		{00B0030B-78F2-4A48-9C04-A315BE6919FF}.Release|Any CPU.ActiveCfg = Release|Any CPU
		{00B0030B-78F2-4A48-9C04-A315BE6919FF}.Release|Any CPU.Build.0 = Release|Any CPU
		{00B0030B-78F2-4A48-9C04-A315BE6919FF}.Release|x64.ActiveCfg = Release|Any CPU
		{00B0030B-78F2-4A48-9C04-A315BE6919FF}.Release|x64.Build.0 = Release|Any CPU
		{00B0030B-78F2-4A48-9C04-A315BE6919FF}.Release|x86.ActiveCfg = Release|Any CPU
		{00B0030B-78F2-4A48-9C04-A315BE6919FF}.Release|x86.Build.0 = Release|Any CPU
		{24E49FB8-3221-4A0E-9CE1-FF398AE764A3}.Debug|Any CPU.ActiveCfg = Debug|Any CPU
		{24E49FB8-3221-4A0E-9CE1-FF398AE764A3}.Debug|Any CPU.Build.0 = Debug|Any CPU
		{24E49FB8-3221-4A0E-9CE1-FF398AE764A3}.Debug|x64.ActiveCfg = Debug|Any CPU
		{24E49FB8-3221-4A0E-9CE1-FF398AE764A3}.Debug|x64.Build.0 = Debug|Any CPU
		{24E49FB8-3221-4A0E-9CE1-FF398AE764A3}.Debug|x86.ActiveCfg = Debug|Any CPU
		{24E49FB8-3221-4A0E-9CE1-FF398AE764A3}.Debug|x86.Build.0 = Debug|Any CPU
		{24E49FB8-3221-4A0E-9CE1-FF398AE764A3}.Release|Any CPU.ActiveCfg = Release|Any CPU
		{24E49FB8-3221-4A0E-9CE1-FF398AE764A3}.Release|Any CPU.Build.0 = Release|Any CPU
		{24E49FB8-3221-4A0E-9CE1-FF398AE764A3}.Release|x64.ActiveCfg = Release|Any CPU
		{24E49FB8-3221-4A0E-9CE1-FF398AE764A3}.Release|x64.Build.0 = Release|Any CPU
		{24E49FB8-3221-4A0E-9CE1-FF398AE764A3}.Release|x86.ActiveCfg = Release|Any CPU
		{24E49FB8-3221-4A0E-9CE1-FF398AE764A3}.Release|x86.Build.0 = Release|Any CPU
		{D09F7356-C319-4190-86C5-66C656A28B24}.Debug|Any CPU.ActiveCfg = Debug|Any CPU
		{D09F7356-C319-4190-86C5-66C656A28B24}.Debug|Any CPU.Build.0 = Debug|Any CPU
		{D09F7356-C319-4190-86C5-66C656A28B24}.Debug|x64.ActiveCfg = Debug|Any CPU
		{D09F7356-C319-4190-86C5-66C656A28B24}.Debug|x64.Build.0 = Debug|Any CPU
		{D09F7356-C319-4190-86C5-66C656A28B24}.Debug|x86.ActiveCfg = Debug|Any CPU
		{D09F7356-C319-4190-86C5-66C656A28B24}.Debug|x86.Build.0 = Debug|Any CPU
		{D09F7356-C319-4190-86C5-66C656A28B24}.Release|Any CPU.ActiveCfg = Release|Any CPU
		{D09F7356-C319-4190-86C5-66C656A28B24}.Release|Any CPU.Build.0 = Release|Any CPU
		{D09F7356-C319-4190-86C5-66C656A28B24}.Release|x64.ActiveCfg = Release|Any CPU
		{D09F7356-C319-4190-86C5-66C656A28B24}.Release|x64.Build.0 = Release|Any CPU
		{D09F7356-C319-4190-86C5-66C656A28B24}.Release|x86.ActiveCfg = Release|Any CPU
		{D09F7356-C319-4190-86C5-66C656A28B24}.Release|x86.Build.0 = Release|Any CPU
		{7D88CD8F-94D0-4B03-9392-E6D1A788467C}.Debug|Any CPU.ActiveCfg = Debug|Any CPU
		{7D88CD8F-94D0-4B03-9392-E6D1A788467C}.Debug|Any CPU.Build.0 = Debug|Any CPU
		{7D88CD8F-94D0-4B03-9392-E6D1A788467C}.Debug|x64.ActiveCfg = Debug|Any CPU
		{7D88CD8F-94D0-4B03-9392-E6D1A788467C}.Debug|x64.Build.0 = Debug|Any CPU
		{7D88CD8F-94D0-4B03-9392-E6D1A788467C}.Debug|x86.ActiveCfg = Debug|Any CPU
		{7D88CD8F-94D0-4B03-9392-E6D1A788467C}.Debug|x86.Build.0 = Debug|Any CPU
		{7D88CD8F-94D0-4B03-9392-E6D1A788467C}.Release|Any CPU.ActiveCfg = Release|Any CPU
		{7D88CD8F-94D0-4B03-9392-E6D1A788467C}.Release|Any CPU.Build.0 = Release|Any CPU
		{7D88CD8F-94D0-4B03-9392-E6D1A788467C}.Release|x64.ActiveCfg = Release|Any CPU
		{7D88CD8F-94D0-4B03-9392-E6D1A788467C}.Release|x64.Build.0 = Release|Any CPU
		{7D88CD8F-94D0-4B03-9392-E6D1A788467C}.Release|x86.ActiveCfg = Release|Any CPU
		{7D88CD8F-94D0-4B03-9392-E6D1A788467C}.Release|x86.Build.0 = Release|Any CPU
		{DE39FF1E-7C42-4DAB-8D45-4F3F1C29D02A}.Debug|Any CPU.ActiveCfg = Debug|Any CPU
		{DE39FF1E-7C42-4DAB-8D45-4F3F1C29D02A}.Debug|Any CPU.Build.0 = Debug|Any CPU
		{DE39FF1E-7C42-4DAB-8D45-4F3F1C29D02A}.Debug|x64.ActiveCfg = Debug|Any CPU
		{DE39FF1E-7C42-4DAB-8D45-4F3F1C29D02A}.Debug|x64.Build.0 = Debug|Any CPU
		{DE39FF1E-7C42-4DAB-8D45-4F3F1C29D02A}.Debug|x86.ActiveCfg = Debug|Any CPU
		{DE39FF1E-7C42-4DAB-8D45-4F3F1C29D02A}.Debug|x86.Build.0 = Debug|Any CPU
		{DE39FF1E-7C42-4DAB-8D45-4F3F1C29D02A}.Release|Any CPU.ActiveCfg = Release|Any CPU
		{DE39FF1E-7C42-4DAB-8D45-4F3F1C29D02A}.Release|Any CPU.Build.0 = Release|Any CPU
		{DE39FF1E-7C42-4DAB-8D45-4F3F1C29D02A}.Release|x64.ActiveCfg = Release|Any CPU
		{DE39FF1E-7C42-4DAB-8D45-4F3F1C29D02A}.Release|x64.Build.0 = Release|Any CPU
		{DE39FF1E-7C42-4DAB-8D45-4F3F1C29D02A}.Release|x86.ActiveCfg = Release|Any CPU
		{DE39FF1E-7C42-4DAB-8D45-4F3F1C29D02A}.Release|x86.Build.0 = Release|Any CPU
		{A984EC08-A5D6-43EF-B4B9-2A0937C62242}.Debug|Any CPU.ActiveCfg = Debug|Any CPU
		{A984EC08-A5D6-43EF-B4B9-2A0937C62242}.Debug|Any CPU.Build.0 = Debug|Any CPU
		{A984EC08-A5D6-43EF-B4B9-2A0937C62242}.Debug|x64.ActiveCfg = Debug|Any CPU
		{A984EC08-A5D6-43EF-B4B9-2A0937C62242}.Debug|x64.Build.0 = Debug|Any CPU
		{A984EC08-A5D6-43EF-B4B9-2A0937C62242}.Debug|x86.ActiveCfg = Debug|Any CPU
		{A984EC08-A5D6-43EF-B4B9-2A0937C62242}.Debug|x86.Build.0 = Debug|Any CPU
		{A984EC08-A5D6-43EF-B4B9-2A0937C62242}.Release|Any CPU.ActiveCfg = Release|Any CPU
		{A984EC08-A5D6-43EF-B4B9-2A0937C62242}.Release|Any CPU.Build.0 = Release|Any CPU
		{A984EC08-A5D6-43EF-B4B9-2A0937C62242}.Release|x64.ActiveCfg = Release|Any CPU
		{A984EC08-A5D6-43EF-B4B9-2A0937C62242}.Release|x64.Build.0 = Release|Any CPU
		{A984EC08-A5D6-43EF-B4B9-2A0937C62242}.Release|x86.ActiveCfg = Release|Any CPU
		{A984EC08-A5D6-43EF-B4B9-2A0937C62242}.Release|x86.Build.0 = Release|Any CPU
		{711123A1-51BE-436C-B3B6-9EE09D58E186}.Debug|Any CPU.ActiveCfg = Debug|Any CPU
		{711123A1-51BE-436C-B3B6-9EE09D58E186}.Debug|Any CPU.Build.0 = Debug|Any CPU
		{711123A1-51BE-436C-B3B6-9EE09D58E186}.Debug|x64.ActiveCfg = Debug|Any CPU
		{711123A1-51BE-436C-B3B6-9EE09D58E186}.Debug|x64.Build.0 = Debug|Any CPU
		{711123A1-51BE-436C-B3B6-9EE09D58E186}.Debug|x86.ActiveCfg = Debug|Any CPU
		{711123A1-51BE-436C-B3B6-9EE09D58E186}.Debug|x86.Build.0 = Debug|Any CPU
		{711123A1-51BE-436C-B3B6-9EE09D58E186}.Release|Any CPU.ActiveCfg = Release|Any CPU
		{711123A1-51BE-436C-B3B6-9EE09D58E186}.Release|Any CPU.Build.0 = Release|Any CPU
		{711123A1-51BE-436C-B3B6-9EE09D58E186}.Release|x64.ActiveCfg = Release|Any CPU
		{711123A1-51BE-436C-B3B6-9EE09D58E186}.Release|x64.Build.0 = Release|Any CPU
		{711123A1-51BE-436C-B3B6-9EE09D58E186}.Release|x86.ActiveCfg = Release|Any CPU
		{711123A1-51BE-436C-B3B6-9EE09D58E186}.Release|x86.Build.0 = Release|Any CPU
		{615F548A-3CB2-4159-BD76-18E60C860143}.Debug|Any CPU.ActiveCfg = Debug|Any CPU
		{615F548A-3CB2-4159-BD76-18E60C860143}.Debug|Any CPU.Build.0 = Debug|Any CPU
		{615F548A-3CB2-4159-BD76-18E60C860143}.Debug|x64.ActiveCfg = Debug|Any CPU
		{615F548A-3CB2-4159-BD76-18E60C860143}.Debug|x64.Build.0 = Debug|Any CPU
		{615F548A-3CB2-4159-BD76-18E60C860143}.Debug|x86.ActiveCfg = Debug|Any CPU
		{615F548A-3CB2-4159-BD76-18E60C860143}.Debug|x86.Build.0 = Debug|Any CPU
		{615F548A-3CB2-4159-BD76-18E60C860143}.Release|Any CPU.ActiveCfg = Release|Any CPU
		{615F548A-3CB2-4159-BD76-18E60C860143}.Release|Any CPU.Build.0 = Release|Any CPU
		{615F548A-3CB2-4159-BD76-18E60C860143}.Release|x64.ActiveCfg = Release|Any CPU
		{615F548A-3CB2-4159-BD76-18E60C860143}.Release|x64.Build.0 = Release|Any CPU
		{615F548A-3CB2-4159-BD76-18E60C860143}.Release|x86.ActiveCfg = Release|Any CPU
		{615F548A-3CB2-4159-BD76-18E60C860143}.Release|x86.Build.0 = Release|Any CPU
	EndGlobalSection
	GlobalSection(SolutionProperties) = preSolution
		HideSolutionNode = FALSE
	EndGlobalSection
	GlobalSection(NestedProjects) = preSolution
		{00B0030B-78F2-4A48-9C04-A315BE6919FF} = {827E0CD3-B72D-47B6-A68D-7590B98EB39B}
		{24E49FB8-3221-4A0E-9CE1-FF398AE764A3} = {827E0CD3-B72D-47B6-A68D-7590B98EB39B}
		{D09F7356-C319-4190-86C5-66C656A28B24} = {827E0CD3-B72D-47B6-A68D-7590B98EB39B}
		{7D88CD8F-94D0-4B03-9392-E6D1A788467C} = {827E0CD3-B72D-47B6-A68D-7590B98EB39B}
		{DE39FF1E-7C42-4DAB-8D45-4F3F1C29D02A} = {827E0CD3-B72D-47B6-A68D-7590B98EB39B}
		{A984EC08-A5D6-43EF-B4B9-2A0937C62242} = {827E0CD3-B72D-47B6-A68D-7590B98EB39B}
		{711123A1-51BE-436C-B3B6-9EE09D58E186} = {827E0CD3-B72D-47B6-A68D-7590B98EB39B}
		{615F548A-3CB2-4159-BD76-18E60C860143} = {827E0CD3-B72D-47B6-A68D-7590B98EB39B}
	EndGlobalSection
EndGlobal
